{
  "name": "boxes-ext",
  "version": "1.0.0",
  "lockfileVersion": 1,
  "requires": true,
  "dependencies": {
    "@mozilla-protocol/core": {
      "version": "11.0.1",
      "resolved": "https://registry.npmjs.org/@mozilla-protocol/core/-/core-11.0.1.tgz",
      "integrity": "sha512-z2vX1OMWZV1ZTTkAEhDpGOqMGhbkENXpgPFQ5G9E2neQhCxFKFrS9BVlXN9H3BvNwbkJJhxXEfyMFb6OtFD0Sg=="
    }
  }
}
